
Microsoft Visual Studio Solution File, Format Version 12.00
# Visual Studio Version 17
VisualStudioVersion = 17.14.36408.4 d17.14
MinimumVisualStudioVersion = 10.0.40219.1
Project("{FAE04EC0-301F-11D3-BF4B-00C04F79EFBC}") = "Yunos_Aifa_02_Lab", "Yunos_Aifa_02_Lab\Yunos_Aifa_02_Lab.csproj", "{5E23A4D4-6424-42E4-9CB8-F7A6EDDD2B41}"
EndProject
Global
	GlobalSection(SolutionConfigurationPlatforms) = preSolution
		Debug|Any CPU = Debug|Any CPU
		Release|Any CPU = Release|Any CPU
	EndGlobalSection
	GlobalSection(ProjectConfigurationPlatforms) = postSolution
		{5E23A4D4-6424-42E4-9CB8-F7A6EDDD2B41}.Debug|Any CPU.ActiveCfg = Debug|Any CPU
		{5E23A4D4-6424-42E4-9CB8-F7A6EDDD2B41}.Debug|Any CPU.Build.0 = Debug|Any CPU
		{5E23A4D4-6424-42E4-9CB8-F7A6EDDD2B41}.Release|Any CPU.ActiveCfg = Release|Any CPU
		{5E23A4D4-6424-42E4-9CB8-F7A6EDDD2B41}.Release|Any CPU.Build.0 = Release|Any CPU
	EndGlobalSection
	GlobalSection(SolutionProperties) = preSolution
		HideSolutionNode = FALSE
	EndGlobalSection
	GlobalSection(ExtensibilityGlobals) = postSolution
		SolutionGuid = {B0053A53-F4DD-4CA0-9D71-2FB2FD1DC66C}
	EndGlobalSection
EndGlobal
